
Microsoft Visual Studio Solution File, Format Version 12.00
# Visual Studio Version 16
VisualStudioVersion = 16.0.31702.278
MinimumVisualStudioVersion = 10.0.40219.1
Project("{FAE04EC0-301F-11D3-BF4B-00C04F79EFBC}") = "ContosoUniversity", "ContosoUniversity\ContosoUniversity.csproj", "{C1EEB809-9AC0-4712-BF57-03290F21BE13}"
EndProject
Global
	GlobalSection(SolutionConfigurationPlatforms) = preSolution
		Debug|Any CPU = Debug|Any CPU
		Release|Any CPU = Release|Any CPU
	EndGlobalSection
	GlobalSection(ProjectConfigurationPlatforms) = postSolution
		{C1EEB809-9AC0-4712-BF57-03290F21BE13}.Debug|Any CPU.ActiveCfg = Debug|Any CPU
		{C1EEB809-9AC0-4712-BF57-03290F21BE13}.Debug|Any CPU.Build.0 = Debug|Any CPU
		{C1EEB809-9AC0-4712-BF57-03290F21BE13}.Release|Any CPU.ActiveCfg = Release|Any CPU
		{C1EEB809-9AC0-4712-BF57-03290F21BE13}.Release|Any CPU.Build.0 = Release|Any CPU
	EndGlobalSection
	GlobalSection(SolutionProperties) = preSolution
		HideSolutionNode = FALSE
	EndGlobalSection
	GlobalSection(ExtensibilityGlobals) = postSolution
		SolutionGuid = {DD56C0D9-E8F0-470E-BDE1-E35B0EEEEF7A}
	EndGlobalSection
EndGlobal
